
Microsoft Visual Studio Solution File, Format Version 12.00
# Visual Studio Version 17
VisualStudioVersion = 17.5.33502.453
MinimumVisualStudioVersion = 10.0.40219.1
Project("{FAE04EC0-301F-11D3-BF4B-00C04F79EFBC}") = "DataAccess", "DataAccess\DataAccess.csproj", "{1EC8989E-0A34-43C8-975B-08FE41E69229}"
EndProject
Project("{FAE04EC0-301F-11D3-BF4B-00C04F79EFBC}") = "Business", "Business\Business.csproj", "{2BC1D5E6-7B39-4979-8D55-8B2FB31C3C5E}"
EndProject
Project("{FAE04EC0-301F-11D3-BF4B-00C04F79EFBC}") = "Entities", "Entities\Entities.csproj", "{DF4D5FFD-B091-46C2-BF9B-F66B67783878}"
EndProject
Project("{FAE04EC0-301F-11D3-BF4B-00C04F79EFBC}") = "ConsoleUI", "ConsoleUI\ConsoleUI.csproj", "{5D7C6404-EA04-4167-B82D-B7A419A70C2B}"
EndProject
Global
	GlobalSection(SolutionConfigurationPlatforms) = preSolution
		Debug|Any CPU = Debug|Any CPU
		Release|Any CPU = Release|Any CPU
	EndGlobalSection
	GlobalSection(ProjectConfigurationPlatforms) = postSolution
		{1EC8989E-0A34-43C8-975B-08FE41E69229}.Debug|Any CPU.ActiveCfg = Debug|Any CPU
		{1EC8989E-0A34-43C8-975B-08FE41E69229}.Debug|Any CPU.Build.0 = Debug|Any CPU
		{1EC8989E-0A34-43C8-975B-08FE41E69229}.Release|Any CPU.ActiveCfg = Release|Any CPU
		{1EC8989E-0A34-43C8-975B-08FE41E69229}.Release|Any CPU.Build.0 = Release|Any CPU
		{2BC1D5E6-7B39-4979-8D55-8B2FB31C3C5E}.Debug|Any CPU.ActiveCfg = Debug|Any CPU
		{2BC1D5E6-7B39-4979-8D55-8B2FB31C3C5E}.Debug|Any CPU.Build.0 = Debug|Any CPU
		{2BC1D5E6-7B39-4979-8D55-8B2FB31C3C5E}.Release|Any CPU.ActiveCfg = Release|Any CPU
		{2BC1D5E6-7B39-4979-8D55-8B2FB31C3C5E}.Release|Any CPU.Build.0 = Release|Any CPU
		{DF4D5FFD-B091-46C2-BF9B-F66B67783878}.Debug|Any CPU.ActiveCfg = Debug|Any CPU
		{DF4D5FFD-B091-46C2-BF9B-F66B67783878}.Debug|Any CPU.Build.0 = Debug|Any CPU
		{DF4D5FFD-B091-46C2-BF9B-F66B67783878}.Release|Any CPU.ActiveCfg = Release|Any CPU
		{DF4D5FFD-B091-46C2-BF9B-F66B67783878}.Release|Any CPU.Build.0 = Release|Any CPU
		{5D7C6404-EA04-4167-B82D-B7A419A70C2B}.Debug|Any CPU.ActiveCfg = Debug|Any CPU
		{5D7C6404-EA04-4167-B82D-B7A419A70C2B}.Debug|Any CPU.Build.0 = Debug|Any CPU
		{5D7C6404-EA04-4167-B82D-B7A419A70C2B}.Release|Any CPU.ActiveCfg = Release|Any CPU
		{5D7C6404-EA04-4167-B82D-B7A419A70C2B}.Release|Any CPU.Build.0 = Release|Any CPU
	EndGlobalSection
	GlobalSection(SolutionProperties) = preSolution
		HideSolutionNode = FALSE
	EndGlobalSection
	GlobalSection(ExtensibilityGlobals) = postSolution
		SolutionGuid = {9D1BB968-6B79-4A50-80F7-BDB3A1053BE0}
	EndGlobalSection
EndGlobal
